<?xml version="1.0" encoding="utf-8"?>
<Project ToolsVersion="4.0" xmlns="http://schemas.microsoft.com/developer/msbuild/2003">
  <ItemGroup>
    <Filter Include="리소스 파일">
      <UniqueIdentifier>{67DA6AB6-F800-4c08-8B7A-83BB121AAD01}</UniqueIdentifier>
      <Extensions>rc;ico;cur;bmp;dlg;rc2;rct;bin;rgs;gif;jpg;jpeg;jpe;resx;tiff;tif;png;wav;mfcribbon-ms</Extensions>
    </Filter>
    <Filter Include="1.Config">
      <UniqueIdentifier>{99b4b651-804f-4fb1-8421-a2e17b25682b}</UniqueIdentifier>
    </Filter>
    <Filter Include="0.Main">
      <UniqueIdentifier>{4985e1a6-5493-4ce3-863a-4ea15f319eaa}</UniqueIdentifier>
    </Filter>
    <Filter Include="2.Data">
      <UniqueIdentifier>{f1f6e710-d495-4eb0-aebe-e682289b0260}</UniqueIdentifier>
    </Filter>
    <Filter Include="3.ExecelFile">
      <UniqueIdentifier>{17aae351-e291-4ef0-9ffd-ab555c5c903b}</UniqueIdentifier>
    </Filter>
    <Filter Include="4.SourceFile">
      <UniqueIdentifier>{e0cdedaf-7121-4144-8bbb-8a23aada67b4}</UniqueIdentifier>
    </Filter>
    <Filter Include="5.JsonFile">
      <UniqueIdentifier>{44bea193-e40a-4036-a874-592ff22a705d}</UniqueIdentifier>
    </Filter>
    <Filter Include="6.Utility">
      <UniqueIdentifier>{cf1faf0e-00ba-40df-affd-e22ac7414db7}</UniqueIdentifier>
    </Filter>
  </ItemGroup>
  <ItemGroup>
    <ClCompile Include="ConfigJsonParser.cpp">
      <Filter>1.Config</Filter>
    </ClCompile>
    <ClCompile Include="ExcelFileLoader.cpp">
      <Filter>3.ExecelFile</Filter>
    </ClCompile>
    <ClCompile Include="JsonFileWriter.cpp">
      <Filter>5.JsonFile</Filter>
    </ClCompile>
    <ClCompile Include="SourceGenerator.cpp">
      <Filter>4.SourceFile</Filter>
    </ClCompile>
    <ClCompile Include="CommandCoordinator.cpp">
      <Filter>6.Utility</Filter>
    </ClCompile>
    <ClCompile Include="GameDataConverter.cpp">
      <Filter>0.Main</Filter>
    </ClCompile>
    <ClCompile Include="DataCoordinator.cpp">
      <Filter>2.Data</Filter>
    </ClCompile>
  </ItemGroup>
  <ItemGroup>
    <ClInclude Include="ConfigJsonParser.h">
      <Filter>1.Config</Filter>
    </ClInclude>
    <ClInclude Include="Singleton.h">
      <Filter>6.Utility</Filter>
    </ClInclude>
    <ClInclude Include="Type.h">
      <Filter>6.Utility</Filter>
    </ClInclude>
    <ClInclude Include="ExcelFileLoader.h">
      <Filter>3.ExecelFile</Filter>
    </ClInclude>
    <ClInclude Include="JsonFileWriter.h">
      <Filter>5.JsonFile</Filter>
    </ClInclude>
    <ClInclude Include="SourceGenerator.h">
      <Filter>4.SourceFile</Filter>
    </ClInclude>
    <ClInclude Include="CommandCoordinator.h">
      <Filter>6.Utility</Filter>
    </ClInclude>
    <ClInclude Include="DataCoordinator.h">
      <Filter>2.Data</Filter>
    </ClInclude>
  </ItemGroup>
</Project>